// !$*UTF8*$!
{
	archiveVersion = 1;
	classes = {
	};
	objectVersion = 56;
	objects = {

/* Begin PBXBuildFile section */
		025A4EBB30F6DB0A395A59AB /* Category.swift in Sources */ = {isa = PBXBuildFile; fileRef = 78DA15180467A0B94BB1226B /* Category.swift */; };
		06030838A857C9BD9C7311A8 /* CategoryManagementView.swift in Sources */ = {isa = PBXBuildFile; fileRef = EDC10AB34966541F9222EB48 /* CategoryManagementView.swift */; };
		B1A0C0DE0000000000000A0A /* CategoryShortcuts.swift in Sources */ = {isa = PBXBuildFile; fileRef = B1A0C0DE0000000000000A09 /* CategoryShortcuts.swift */; };
		084EC69EBCBBBA161F1BCFE3 /* KeychainStore.swift in Sources */ = {isa = PBXBuildFile; fileRef = 8CAF1CA3C8E88FDA56ED4A96 /* KeychainStore.swift */; };
		086B661C296CF046412576DE /* ReportModels.swift in Sources */ = {isa = PBXBuildFile; fileRef = 7357B3A4FBFA9CCAB6D9BA77 /* ReportModels.swift */; };
		08A431C1EB2BD7F55EDBB71C /* PlannedPaymentRepository.swift in Sources */ = {isa = PBXBuildFile; fileRef = 83A8E24D14DAAB80BC64F5ED /* PlannedPaymentRepository.swift */; };
		0FF4150003B37036CE638614 /* PlannedPaymentListView.swift in Sources */ = {isa = PBXBuildFile; fileRef = F8E04DAB6590B1BBD6101141 /* PlannedPaymentListView.swift */; };
		15E00F2897B953F3F2477136 /* Localizable.strings in Resources */ = {isa = PBXBuildFile; fileRef = A42BC13A0E6E75213BBCB21B /* Localizable.strings */; };
		B1A0C0DE0000000000000A04 /* InfoPlist.strings in Resources */ = {isa = PBXBuildFile; fileRef = B1A0C0DE0000000000000A02 /* InfoPlist.strings */; };
		17CEBD84AE13CB07729A44FB /* ExchangeRateService.swift in Sources */ = {isa = PBXBuildFile; fileRef = A1CAEEBD6E68A0B6DA3B7F85 /* ExchangeRateService.swift */; };
		1A31A15A014E93248578EEEF /* BiometricLockService.swift in Sources */ = {isa = PBXBuildFile; fileRef = 95F4B2FE3668BED11E451BF4 /* BiometricLockService.swift */; };
		1B538A7A3EAFB43C3B3ADA7B /* OwnershipMigrator.swift in Sources */ = {isa = PBXBuildFile; fileRef = 76113A26CABE3AF079675FDB /* OwnershipMigrator.swift */; };
		1BF99FA5EC12384DE2C4E8DE /* SharedComponents.swift in Sources */ = {isa = PBXBuildFile; fileRef = 8EDDE8D47CF1B8DFFBA28E33 /* SharedComponents.swift */; };
		B1A0C0DE0000000000000A08 /* AmountField.swift in Sources */ = {isa = PBXBuildFile; fileRef = B1A0C0DE0000000000000A07 /* AmountField.swift */; };
		1F17D5C95CB3A305C7480C14 /* BackgroundSyncScheduler.swift in Sources */ = {isa = PBXBuildFile; fileRef = B7456EF0D0DA00CC3B53C26B /* BackgroundSyncScheduler.swift */; };
		236302CEEE383A4E59E39370 /* Currency.swift in Sources */ = {isa = PBXBuildFile; fileRef = 758955F12132AECF1DF59BCE /* Currency.swift */; };
		281F736F7026931C8EE1742D /* PaymentMethod.swift in Sources */ = {isa = PBXBuildFile; fileRef = 891348A1AA0386B627F62BBE /* PaymentMethod.swift */; };
		2901980140ECC723BF2400E7 /* SettingsView.swift in Sources */ = {isa = PBXBuildFile; fileRef = 000A35C05E6BF30F3AE76948 /* SettingsView.swift */; };
		2D2AEAD94D6C431F728EB1E1 /* Assets.xcassets in Resources */ = {isa = PBXBuildFile; fileRef = 25C03D298EB0E3F902A51B74 /* Assets.xcassets */; };
		348BE259E66592B07FF86761 /* Formatters.swift in Sources */ = {isa = PBXBuildFile; fileRef = 465994AA270A28C15FD1A2C4 /* Formatters.swift */; };
		350D94FA4976B0A68B345D8F /* TransactionEditorView.swift in Sources */ = {isa = PBXBuildFile; fileRef = BF367988159D82E7B565B04C /* TransactionEditorView.swift */; };
		37CE644483193E0A24B9254E /* ReportsViewModel.swift in Sources */ = {isa = PBXBuildFile; fileRef = E0EB029355A0092876334EA2 /* ReportsViewModel.swift */; };
		408FF7F15EDEB9716C792795 /* DefaultCategories.swift in Sources */ = {isa = PBXBuildFile; fileRef = 03B9CFED774B7B292A63B136 /* DefaultCategories.swift */; };
		41644DB345AA21E29F5265EE /* ReportsView.swift in Sources */ = {isa = PBXBuildFile; fileRef = 830F905874D59E8B3C34C104 /* ReportsView.swift */; };
		486F2F1AC214D37CFBE58720 /* ReportBuilder.swift in Sources */ = {isa = PBXBuildFile; fileRef = 5699376F2E47440855D73351 /* ReportBuilder.swift */; };
		495AF141940F2C8175317991 /* DateHelpers.swift in Sources */ = {isa = PBXBuildFile; fileRef = 6DAB4B76F616C9B46D023206 /* DateHelpers.swift */; };
		4F0BD409364BA489229C04FD /* RemoteDataSource.swift in Sources */ = {isa = PBXBuildFile; fileRef = 2FD4482CFD385D3710E176EA /* RemoteDataSource.swift */; };
		501A8C24A8C9053A4B078E34 /* TransactionListView.swift in Sources */ = {isa = PBXBuildFile; fileRef = F95A48C79086ACE11A1BECB9 /* TransactionListView.swift */; };
		51A4564AD2ECC76742DFA0B7 /* MainTabView.swift in Sources */ = {isa = PBXBuildFile; fileRef = C8916CEE2116E019EE22AC9C /* MainTabView.swift */; };
		52C45D0F27DDDC1687E3E2A4 /* BankRepository.swift in Sources */ = {isa = PBXBuildFile; fileRef = 5D5C1AA26DD5F5F2D0CB0F79 /* BankRepository.swift */; };
		542EBE8D9185D06D8B3661AF /* TransactionListViewModel.swift in Sources */ = {isa = PBXBuildFile; fileRef = 1E8E284CA397F52509136038 /* TransactionListViewModel.swift */; };
		5849916196BFC2D3B6B64F94 /* AppTheme.swift in Sources */ = {isa = PBXBuildFile; fileRef = 45C81B76E67CB38CA2D5ED3B /* AppTheme.swift */; };
		58DB79B43F535A827D0B7014 /* BankAndPlannedPaymentDTOs.swift in Sources */ = {isa = PBXBuildFile; fileRef = 747EDB08BD5FCE52ED9A2430 /* BankAndPlannedPaymentDTOs.swift */; };
		5DEB98F9871D40A40E854E7D /* SyncDTOs.swift in Sources */ = {isa = PBXBuildFile; fileRef = CCD94C0CFA2A2FD0D84C7841 /* SyncDTOs.swift */; };
		605360407528E01B51A6A145 /* TransactionEditorViewModel.swift in Sources */ = {isa = PBXBuildFile; fileRef = F34BE392766EFE96D9509DEF /* TransactionEditorViewModel.swift */; };
		6428F252CE4CA5DEA43F766C /* CurrencyConverter.swift in Sources */ = {isa = PBXBuildFile; fileRef = 19C9984AAAD6AEA9792F3661 /* CurrencyConverter.swift */; };
		688A0483E0CA1A6D0415382D /* TransactionType.swift in Sources */ = {isa = PBXBuildFile; fileRef = D2E5C193B1F24794A56B3272 /* TransactionType.swift */; };
		6A1CF90D001E6ACF24E03F4E /* DashboardViewModel.swift in Sources */ = {isa = PBXBuildFile; fileRef = 25FBC17FB7E2CA03AA1421A9 /* DashboardViewModel.swift */; };
		6E469D0BCBA92EF49D70B4A0 /* AppDelegate.swift in Sources */ = {isa = PBXBuildFile; fileRef = C2508CD8BD89C830FAE75DC8 /* AppDelegate.swift */; };
		7D656D1EE7F292AC6C3F4FCD /* RootView.swift in Sources */ = {isa = PBXBuildFile; fileRef = BB45A3D8B8C9569E080FF970 /* RootView.swift */; };
		7FF1D59D51D25D52B5CEEFE9 /* Bank.swift in Sources */ = {isa = PBXBuildFile; fileRef = 7C7ED043CAEBD215E3919EAB /* Bank.swift */; };
		832531114521FB1783E83585 /* AppSettings.swift in Sources */ = {isa = PBXBuildFile; fileRef = F8C3848467CC4CAE98881CC6 /* AppSettings.swift */; };
		8E9D65F4CE30ED91A9534D51 /* NotificationService.swift in Sources */ = {isa = PBXBuildFile; fileRef = 2765E27A30F6F30014A9E3EB /* NotificationService.swift */; };
		908C9A9352B8EA0397675725 /* SyncService.swift in Sources */ = {isa = PBXBuildFile; fileRef = 96E5E0213FD431A8AE8B2F97 /* SyncService.swift */; };
		99FDA613246A8A2DC1E066EA /* CategoryEditorView.swift in Sources */ = {isa = PBXBuildFile; fileRef = 185DED321EDCAC691144D260 /* CategoryEditorView.swift */; };
		9CECBD38DF1AC8778676BBB2 /* PlannedPaymentEditorView.swift in Sources */ = {isa = PBXBuildFile; fileRef = 6910E6FDBF75AF68A8513F1D /* PlannedPaymentEditorView.swift */; };
		9D40AB899A15BE62653921AF /* PlannedPaymentRowView.swift in Sources */ = {isa = PBXBuildFile; fileRef = 60B444925E5A42FD72142123 /* PlannedPaymentRowView.swift */; };
		A56132CE92E847E3A8429BEA /* AppSession.swift in Sources */ = {isa = PBXBuildFile; fileRef = 3AA5CC8CAA1D6E907DD02836 /* AppSession.swift */; };
		A9BDA5D3BCBDD00B030EE82C /* KasaPlusApp.swift in Sources */ = {isa = PBXBuildFile; fileRef = C5C4DB03E48C641FEE0C23D2 /* KasaPlusApp.swift */; };
		B3DB6455D16460F58FAB2282 /* NotificationRouter.swift in Sources */ = {isa = PBXBuildFile; fileRef = 39B123B3427F63C3CAF1423A /* NotificationRouter.swift */; };
		B4B31BF35DE2868C83685006 /* SignInView.swift in Sources */ = {isa = PBXBuildFile; fileRef = F5E57633ACB21D98E5CDDB96 /* SignInView.swift */; };
		C3AB12BB185A2B8AD877A83F /* BankManagementView.swift in Sources */ = {isa = PBXBuildFile; fileRef = 73C662A5DF16AA22E65C1C01 /* BankManagementView.swift */; };
		C7D50CD3C189EBF23741EBAA /* CategoryRepository.swift in Sources */ = {isa = PBXBuildFile; fileRef = 749FD69BBCD5F5C1D6FF6C51 /* CategoryRepository.swift */; };
		CC20FD0BFCDE9D4D17DBB2A4 /* DashboardView.swift in Sources */ = {isa = PBXBuildFile; fileRef = 79EEC492BE690403C0EE99DC /* DashboardView.swift */; };
		D23C528048A37396E54F8387 /* DefaultBanks.swift in Sources */ = {isa = PBXBuildFile; fileRef = 9CCED27406ABA1496C5D072D /* DefaultBanks.swift */; };
		D3EE946EC5C145723C6ED81D /* PlannedPaymentListViewModel.swift in Sources */ = {isa = PBXBuildFile; fileRef = 310287BBEE7F7367BE330BA5 /* PlannedPaymentListViewModel.swift */; };
		DB8F94D70F3C7D24906838FE /* LockedView.swift in Sources */ = {isa = PBXBuildFile; fileRef = D169DCE7D103DE79295A3B9A /* LockedView.swift */; };
		E3D39025332C82A0A7DB02B8 /* TransactionRepository.swift in Sources */ = {isa = PBXBuildFile; fileRef = 94C15BE5070C5F7EFB573FBD /* TransactionRepository.swift */; };
		E8F15B4A419703C7FA3A199B /* FinanceTransaction.swift in Sources */ = {isa = PBXBuildFile; fileRef = B8A5355D6C08109BEEB39129 /* FinanceTransaction.swift */; };
		EC7DFF410008EBB43685E546 /* PersistenceController.swift in Sources */ = {isa = PBXBuildFile; fileRef = DF9145A05186BBCD556D3C89 /* PersistenceController.swift */; };
		F2D67396AA977FF046427395 /* PlannedPayment.swift in Sources */ = {isa = PBXBuildFile; fileRef = E7D410E7F2215FE19BE80A56 /* PlannedPayment.swift */; };
		F342125A630302DE150EBCB7 /* PlannedPaymentNotifications.swift in Sources */ = {isa = PBXBuildFile; fileRef = EEB39E454D7B970E032BF2C1 /* PlannedPaymentNotifications.swift */; };
		F377ED6A107B3FEA07737759 /* TransactionFilterView.swift in Sources */ = {isa = PBXBuildFile; fileRef = 82F18D96FFA7DCBA0B922355 /* TransactionFilterView.swift */; };
		F3F06D0695A52D123D59A1B1 /* PostponeSheet.swift in Sources */ = {isa = PBXBuildFile; fileRef = 647E27F0276F89B4BAC40FC7 /* PostponeSheet.swift */; };
		F48F8180D857E6A928714E79 /* AuthService.swift in Sources */ = {isa = PBXBuildFile; fileRef = F94FF57155609364DE0D2E45 /* AuthService.swift */; };
		F75C5727878BC6A61E0FB7CD /* TransactionRowView.swift in Sources */ = {isa = PBXBuildFile; fileRef = 45C58C2947FFDCA190004C9E /* TransactionRowView.swift */; };
		F8A0260A072F1F63ED3ABF43 /* BackgroundSyncRunner.swift in Sources */ = {isa = PBXBuildFile; fileRef = A6ED5425D1188BA3D055997F /* BackgroundSyncRunner.swift */; };
/* End PBXBuildFile section */

/* Begin PBXFileReference section */
		000A35C05E6BF30F3AE76948 /* SettingsView.swift */ = {isa = PBXFileReference; lastKnownFileType = sourcecode.swift; path = SettingsView.swift; sourceTree = "<group>"; };
		03B9CFED774B7B292A63B136 /* DefaultCategories.swift */ = {isa = PBXFileReference; lastKnownFileType = sourcecode.swift; path = DefaultCategories.swift; sourceTree = "<group>"; };
		185DED321EDCAC691144D260 /* CategoryEditorView.swift */ = {isa = PBXFileReference; lastKnownFileType = sourcecode.swift; path = CategoryEditorView.swift; sourceTree = "<group>"; };
		19C9984AAAD6AEA9792F3661 /* CurrencyConverter.swift */ = {isa = PBXFileReference; lastKnownFileType = sourcecode.swift; path = CurrencyConverter.swift; sourceTree = "<group>"; };
		1E8E284CA397F52509136038 /* TransactionListViewModel.swift */ = {isa = PBXFileReference; lastKnownFileType = sourcecode.swift; path = TransactionListViewModel.swift; sourceTree = "<group>"; };
		25C03D298EB0E3F902A51B74 /* Assets.xcassets */ = {isa = PBXFileReference; lastKnownFileType = folder.assetcatalog; path = Assets.xcassets; sourceTree = "<group>"; };
		25FBC17FB7E2CA03AA1421A9 /* DashboardViewModel.swift */ = {isa = PBXFileReference; lastKnownFileType = sourcecode.swift; path = DashboardViewModel.swift; sourceTree = "<group>"; };
		2765E27A30F6F30014A9E3EB /* NotificationService.swift */ = {isa = PBXFileReference; lastKnownFileType = sourcecode.swift; path = NotificationService.swift; sourceTree = "<group>"; };
		2FD4482CFD385D3710E176EA /* RemoteDataSource.swift */ = {isa = PBXFileReference; lastKnownFileType = sourcecode.swift; path = RemoteDataSource.swift; sourceTree = "<group>"; };
		310287BBEE7F7367BE330BA5 /* PlannedPaymentListViewModel.swift */ = {isa = PBXFileReference; lastKnownFileType = sourcecode.swift; path = PlannedPaymentListViewModel.swift; sourceTree = "<group>"; };
		39B123B3427F63C3CAF1423A /* NotificationRouter.swift */ = {isa = PBXFileReference; lastKnownFileType = sourcecode.swift; path = NotificationRouter.swift; sourceTree = "<group>"; };
		3AA5CC8CAA1D6E907DD02836 /* AppSession.swift */ = {isa = PBXFileReference; lastKnownFileType = sourcecode.swift; path = AppSession.swift; sourceTree = "<group>"; };
		45C58C2947FFDCA190004C9E /* TransactionRowView.swift */ = {isa = PBXFileReference; lastKnownFileType = sourcecode.swift; path = TransactionRowView.swift; sourceTree = "<group>"; };
		45C81B76E67CB38CA2D5ED3B /* AppTheme.swift */ = {isa = PBXFileReference; lastKnownFileType = sourcecode.swift; path = AppTheme.swift; sourceTree = "<group>"; };
		465994AA270A28C15FD1A2C4 /* Formatters.swift */ = {isa = PBXFileReference; lastKnownFileType = sourcecode.swift; path = Formatters.swift; sourceTree = "<group>"; };
		546BF03604041FA073531103 /* KasaPlus.entitlements */ = {isa = PBXFileReference; lastKnownFileType = text.plist.entitlements; path = KasaPlus.entitlements; sourceTree = "<group>"; };
		5699376F2E47440855D73351 /* ReportBuilder.swift */ = {isa = PBXFileReference; lastKnownFileType = sourcecode.swift; path = ReportBuilder.swift; sourceTree = "<group>"; };
		570E293CEE74A071FA098C75 /* firestore.rules */ = {isa = PBXFileReference; lastKnownFileType = text; path = firestore.rules; sourceTree = "<group>"; };
		5D5C1AA26DD5F5F2D0CB0F79 /* BankRepository.swift */ = {isa = PBXFileReference; lastKnownFileType = sourcecode.swift; path = BankRepository.swift; sourceTree = "<group>"; };
		60B444925E5A42FD72142123 /* PlannedPaymentRowView.swift */ = {isa = PBXFileReference; lastKnownFileType = sourcecode.swift; path = PlannedPaymentRowView.swift; sourceTree = "<group>"; };
		647E27F0276F89B4BAC40FC7 /* PostponeSheet.swift */ = {isa = PBXFileReference; lastKnownFileType = sourcecode.swift; path = PostponeSheet.swift; sourceTree = "<group>"; };
		6910E6FDBF75AF68A8513F1D /* PlannedPaymentEditorView.swift */ = {isa = PBXFileReference; lastKnownFileType = sourcecode.swift; path = PlannedPaymentEditorView.swift; sourceTree = "<group>"; };
		6DAB4B76F616C9B46D023206 /* DateHelpers.swift */ = {isa = PBXFileReference; lastKnownFileType = sourcecode.swift; path = DateHelpers.swift; sourceTree = "<group>"; };
		7357B3A4FBFA9CCAB6D9BA77 /* ReportModels.swift */ = {isa = PBXFileReference; lastKnownFileType = sourcecode.swift; path = ReportModels.swift; sourceTree = "<group>"; };
		73C662A5DF16AA22E65C1C01 /* BankManagementView.swift */ = {isa = PBXFileReference; lastKnownFileType = sourcecode.swift; path = BankManagementView.swift; sourceTree = "<group>"; };
		747EDB08BD5FCE52ED9A2430 /* BankAndPlannedPaymentDTOs.swift */ = {isa = PBXFileReference; lastKnownFileType = sourcecode.swift; path = BankAndPlannedPaymentDTOs.swift; sourceTree = "<group>"; };
		749FD69BBCD5F5C1D6FF6C51 /* CategoryRepository.swift */ = {isa = PBXFileReference; lastKnownFileType = sourcecode.swift; path = CategoryRepository.swift; sourceTree = "<group>"; };
		758955F12132AECF1DF59BCE /* Currency.swift */ = {isa = PBXFileReference; lastKnownFileType = sourcecode.swift; path = Currency.swift; sourceTree = "<group>"; };
		76113A26CABE3AF079675FDB /* OwnershipMigrator.swift */ = {isa = PBXFileReference; lastKnownFileType = sourcecode.swift; path = OwnershipMigrator.swift; sourceTree = "<group>"; };
		78DA15180467A0B94BB1226B /* Category.swift */ = {isa = PBXFileReference; lastKnownFileType = sourcecode.swift; path = Category.swift; sourceTree = "<group>"; };
		79EEC492BE690403C0EE99DC /* DashboardView.swift */ = {isa = PBXFileReference; lastKnownFileType = sourcecode.swift; path = DashboardView.swift; sourceTree = "<group>"; };
		7C7ED043CAEBD215E3919EAB /* Bank.swift */ = {isa = PBXFileReference; lastKnownFileType = sourcecode.swift; path = Bank.swift; sourceTree = "<group>"; };
		82F18D96FFA7DCBA0B922355 /* TransactionFilterView.swift */ = {isa = PBXFileReference; lastKnownFileType = sourcecode.swift; path = TransactionFilterView.swift; sourceTree = "<group>"; };
		830F905874D59E8B3C34C104 /* ReportsView.swift */ = {isa = PBXFileReference; lastKnownFileType = sourcecode.swift; path = ReportsView.swift; sourceTree = "<group>"; };
		83A8E24D14DAAB80BC64F5ED /* PlannedPaymentRepository.swift */ = {isa = PBXFileReference; lastKnownFileType = sourcecode.swift; path = PlannedPaymentRepository.swift; sourceTree = "<group>"; };
		891348A1AA0386B627F62BBE /* PaymentMethod.swift */ = {isa = PBXFileReference; lastKnownFileType = sourcecode.swift; path = PaymentMethod.swift; sourceTree = "<group>"; };
		8CAF1CA3C8E88FDA56ED4A96 /* KeychainStore.swift */ = {isa = PBXFileReference; lastKnownFileType = sourcecode.swift; path = KeychainStore.swift; sourceTree = "<group>"; };
		8EDDE8D47CF1B8DFFBA28E33 /* SharedComponents.swift */ = {isa = PBXFileReference; lastKnownFileType = sourcecode.swift; path = SharedComponents.swift; sourceTree = "<group>"; };
		B1A0C0DE0000000000000A07 /* AmountField.swift */ = {isa = PBXFileReference; lastKnownFileType = sourcecode.swift; path = AmountField.swift; sourceTree = "<group>"; };
		94C15BE5070C5F7EFB573FBD /* TransactionRepository.swift */ = {isa = PBXFileReference; lastKnownFileType = sourcecode.swift; path = TransactionRepository.swift; sourceTree = "<group>"; };
		95F4B2FE3668BED11E451BF4 /* BiometricLockService.swift */ = {isa = PBXFileReference; lastKnownFileType = sourcecode.swift; path = BiometricLockService.swift; sourceTree = "<group>"; };
		96E5E0213FD431A8AE8B2F97 /* SyncService.swift */ = {isa = PBXFileReference; lastKnownFileType = sourcecode.swift; path = SyncService.swift; sourceTree = "<group>"; };
		9CCED27406ABA1496C5D072D /* DefaultBanks.swift */ = {isa = PBXFileReference; lastKnownFileType = sourcecode.swift; path = DefaultBanks.swift; sourceTree = "<group>"; };
		A1CAEEBD6E68A0B6DA3B7F85 /* ExchangeRateService.swift */ = {isa = PBXFileReference; lastKnownFileType = sourcecode.swift; path = ExchangeRateService.swift; sourceTree = "<group>"; };
		A253D584951773A716DD7614 /* README.md */ = {isa = PBXFileReference; lastKnownFileType = net.daringfireball.markdown; path = README.md; sourceTree = "<group>"; };
		B1A0C0DE0000000000000A01 /* en */ = {isa = PBXFileReference; includeInIndex = 1; lastKnownFileType = text.plist.strings; name = en; path = en.lproj/Localizable.strings; sourceTree = "<group>"; };
		B1A0C0DE0000000000000A05 /* tr */ = {isa = PBXFileReference; includeInIndex = 1; lastKnownFileType = text.plist.strings; name = tr; path = tr.lproj/Localizable.strings; sourceTree = "<group>"; };
		B1A0C0DE0000000000000A03 /* en */ = {isa = PBXFileReference; includeInIndex = 1; lastKnownFileType = text.plist.strings; name = en; path = en.lproj/InfoPlist.strings; sourceTree = "<group>"; };
		B1A0C0DE0000000000000A06 /* tr */ = {isa = PBXFileReference; includeInIndex = 1; lastKnownFileType = text.plist.strings; name = tr; path = tr.lproj/InfoPlist.strings; sourceTree = "<group>"; };
		A6ED5425D1188BA3D055997F /* BackgroundSyncRunner.swift */ = {isa = PBXFileReference; lastKnownFileType = sourcecode.swift; path = BackgroundSyncRunner.swift; sourceTree = "<group>"; };
		A8792157CB4F27FB949C035F /* KasaPlus.app */ = {isa = PBXFileReference; explicitFileType = wrapper.application; includeInIndex = 0; path = KasaPlus.app; sourceTree = BUILT_PRODUCTS_DIR; };
		B7456EF0D0DA00CC3B53C26B /* BackgroundSyncScheduler.swift */ = {isa = PBXFileReference; lastKnownFileType = sourcecode.swift; path = BackgroundSyncScheduler.swift; sourceTree = "<group>"; };
		B8A5355D6C08109BEEB39129 /* FinanceTransaction.swift */ = {isa = PBXFileReference; lastKnownFileType = sourcecode.swift; path = FinanceTransaction.swift; sourceTree = "<group>"; };
		BB45A3D8B8C9569E080FF970 /* RootView.swift */ = {isa = PBXFileReference; lastKnownFileType = sourcecode.swift; path = RootView.swift; sourceTree = "<group>"; };
		BF367988159D82E7B565B04C /* TransactionEditorView.swift */ = {isa = PBXFileReference; lastKnownFileType = sourcecode.swift; path = TransactionEditorView.swift; sourceTree = "<group>"; };
		C05EB66B0F857F8B83D63FA8 /* Info.plist */ = {isa = PBXFileReference; lastKnownFileType = text.plist.xml; path = Info.plist; sourceTree = "<group>"; };
		C2508CD8BD89C830FAE75DC8 /* AppDelegate.swift */ = {isa = PBXFileReference; lastKnownFileType = sourcecode.swift; path = AppDelegate.swift; sourceTree = "<group>"; };
		C5C4DB03E48C641FEE0C23D2 /* KasaPlusApp.swift */ = {isa = PBXFileReference; lastKnownFileType = sourcecode.swift; path = KasaPlusApp.swift; sourceTree = "<group>"; };
		C8916CEE2116E019EE22AC9C /* MainTabView.swift */ = {isa = PBXFileReference; lastKnownFileType = sourcecode.swift; path = MainTabView.swift; sourceTree = "<group>"; };
		CCD94C0CFA2A2FD0D84C7841 /* SyncDTOs.swift */ = {isa = PBXFileReference; lastKnownFileType = sourcecode.swift; path = SyncDTOs.swift; sourceTree = "<group>"; };
		D169DCE7D103DE79295A3B9A /* LockedView.swift */ = {isa = PBXFileReference; lastKnownFileType = sourcecode.swift; path = LockedView.swift; sourceTree = "<group>"; };
		D2E5C193B1F24794A56B3272 /* TransactionType.swift */ = {isa = PBXFileReference; lastKnownFileType = sourcecode.swift; path = TransactionType.swift; sourceTree = "<group>"; };
		DF9145A05186BBCD556D3C89 /* PersistenceController.swift */ = {isa = PBXFileReference; lastKnownFileType = sourcecode.swift; path = PersistenceController.swift; sourceTree = "<group>"; };
		E0EB029355A0092876334EA2 /* ReportsViewModel.swift */ = {isa = PBXFileReference; lastKnownFileType = sourcecode.swift; path = ReportsViewModel.swift; sourceTree = "<group>"; };
		E7D410E7F2215FE19BE80A56 /* PlannedPayment.swift */ = {isa = PBXFileReference; lastKnownFileType = sourcecode.swift; path = PlannedPayment.swift; sourceTree = "<group>"; };
		EDC10AB34966541F9222EB48 /* CategoryManagementView.swift */ = {isa = PBXFileReference; lastKnownFileType = sourcecode.swift; path = CategoryManagementView.swift; sourceTree = "<group>"; };
		B1A0C0DE0000000000000A09 /* CategoryShortcuts.swift */ = {isa = PBXFileReference; lastKnownFileType = sourcecode.swift; path = CategoryShortcuts.swift; sourceTree = "<group>"; };
		EEB39E454D7B970E032BF2C1 /* PlannedPaymentNotifications.swift */ = {isa = PBXFileReference; lastKnownFileType = sourcecode.swift; path = PlannedPaymentNotifications.swift; sourceTree = "<group>"; };
		F34BE392766EFE96D9509DEF /* TransactionEditorViewModel.swift */ = {isa = PBXFileReference; lastKnownFileType = sourcecode.swift; path = TransactionEditorViewModel.swift; sourceTree = "<group>"; };
		F3CD612840F49689208D8F70 /* .gitignore */ = {isa = PBXFileReference; lastKnownFileType = text; path = .gitignore; sourceTree = "<group>"; };
		F5E57633ACB21D98E5CDDB96 /* SignInView.swift */ = {isa = PBXFileReference; lastKnownFileType = sourcecode.swift; path = SignInView.swift; sourceTree = "<group>"; };
		F8C3848467CC4CAE98881CC6 /* AppSettings.swift */ = {isa = PBXFileReference; lastKnownFileType = sourcecode.swift; path = AppSettings.swift; sourceTree = "<group>"; };
		F8E04DAB6590B1BBD6101141 /* PlannedPaymentListView.swift */ = {isa = PBXFileReference; lastKnownFileType = sourcecode.swift; path = PlannedPaymentListView.swift; sourceTree = "<group>"; };
		F94FF57155609364DE0D2E45 /* AuthService.swift */ = {isa = PBXFileReference; lastKnownFileType = sourcecode.swift; path = AuthService.swift; sourceTree = "<group>"; };
		F95A48C79086ACE11A1BECB9 /* TransactionListView.swift */ = {isa = PBXFileReference; lastKnownFileType = sourcecode.swift; path = TransactionListView.swift; sourceTree = "<group>"; };
/* End PBXFileReference section */

/* Begin PBXFrameworksBuildPhase section */
		0B0EAC1C67A2F2EB9E6EB6F7 /* Frameworks */ = {
			isa = PBXFrameworksBuildPhase;
			buildActionMask = 2147483647;
			files = (
			);
			runOnlyForDeploymentPostprocessing = 0;
		};
/* End PBXFrameworksBuildPhase section */

/* Begin PBXGroup section */
		109A0CACE2E59E422A5DC33B /* Resources */ = {
			isa = PBXGroup;
			children = (
				25C03D298EB0E3F902A51B74 /* Assets.xcassets */,
				B1A0C0DE0000000000000A02 /* InfoPlist.strings */,
				A42BC13A0E6E75213BBCB21B /* Localizable.strings */,
			);
			path = Resources;
			sourceTree = "<group>";
		};
		1599DC0A4A9031CBFD1CDC83 /* Dashboard */ = {
			isa = PBXGroup;
			children = (
				79EEC492BE690403C0EE99DC /* DashboardView.swift */,
				25FBC17FB7E2CA03AA1421A9 /* DashboardViewModel.swift */,
			);
			path = Dashboard;
			sourceTree = "<group>";
		};
		1A917805653DCE11779C6BFC /* Models */ = {
			isa = PBXGroup;
			children = (
				7C7ED043CAEBD215E3919EAB /* Bank.swift */,
				78DA15180467A0B94BB1226B /* Category.swift */,
				758955F12132AECF1DF59BCE /* Currency.swift */,
				B8A5355D6C08109BEEB39129 /* FinanceTransaction.swift */,
				891348A1AA0386B627F62BBE /* PaymentMethod.swift */,
				E7D410E7F2215FE19BE80A56 /* PlannedPayment.swift */,
				D2E5C193B1F24794A56B3272 /* TransactionType.swift */,
			);
			path = Models;
			sourceTree = "<group>";
		};
		1C6EAF529087A07F910B975B /* Auth */ = {
			isa = PBXGroup;
			children = (
				F94FF57155609364DE0D2E45 /* AuthService.swift */,
				95F4B2FE3668BED11E451BF4 /* BiometricLockService.swift */,
				8CAF1CA3C8E88FDA56ED4A96 /* KeychainStore.swift */,
			);
			path = Auth;
			sourceTree = "<group>";
		};
		1E70717A45595707D241BDD2 /* Sync */ = {
			isa = PBXGroup;
			children = (
				A6ED5425D1188BA3D055997F /* BackgroundSyncRunner.swift */,
				B7456EF0D0DA00CC3B53C26B /* BackgroundSyncScheduler.swift */,
				747EDB08BD5FCE52ED9A2430 /* BankAndPlannedPaymentDTOs.swift */,
				2FD4482CFD385D3710E176EA /* RemoteDataSource.swift */,
				CCD94C0CFA2A2FD0D84C7841 /* SyncDTOs.swift */,
				96E5E0213FD431A8AE8B2F97 /* SyncService.swift */,
			);
			path = Sync;
			sourceTree = "<group>";
		};
		2FE89AEEDD2751F1664393B0 /* Features */ = {
			isa = PBXGroup;
			children = (
				A520A0B571B2D97C38FE7043 /* Auth */,
				60F2F16BD228822612613A2A /* Banks */,
				3E1D6B7D8451DCAB6A24CFCD /* Categories */,
				EDC509FC7CA18BF708EA907C /* Components */,
				1599DC0A4A9031CBFD1CDC83 /* Dashboard */,
				C953CDAFBA7BEDAB80D3C2A0 /* PlannedPayments */,
				44E5260A350EEEEEB4C38B50 /* Reports */,
				A2C9FACA462D0109DEBA650B /* Settings */,
				DD126A619C4EEDC8481E9324 /* Transactions */,
			);
			path = Features;
			sourceTree = "<group>";
		};
		3E1D6B7D8451DCAB6A24CFCD /* Categories */ = {
			isa = PBXGroup;
			children = (
				185DED321EDCAC691144D260 /* CategoryEditorView.swift */,
				EDC10AB34966541F9222EB48 /* CategoryManagementView.swift */,
				B1A0C0DE0000000000000A09 /* CategoryShortcuts.swift */,
			);
			path = Categories;
			sourceTree = "<group>";
		};
		44E5260A350EEEEEB4C38B50 /* Reports */ = {
			isa = PBXGroup;
			children = (
				830F905874D59E8B3C34C104 /* ReportsView.swift */,
				E0EB029355A0092876334EA2 /* ReportsViewModel.swift */,
			);
			path = Reports;
			sourceTree = "<group>";
		};
		4538795BABB7ED3229C9E29A /* Currency */ = {
			isa = PBXGroup;
			children = (
				19C9984AAAD6AEA9792F3661 /* CurrencyConverter.swift */,
				A1CAEEBD6E68A0B6DA3B7F85 /* ExchangeRateService.swift */,
			);
			path = Currency;
			sourceTree = "<group>";
		};
		5A8B8469BB534082855EFA99 /* Core */ = {
			isa = PBXGroup;
			children = (
				1C6EAF529087A07F910B975B /* Auth */,
				4538795BABB7ED3229C9E29A /* Currency */,
				1A917805653DCE11779C6BFC /* Models */,
				708B2CBDC960F57256170F6F /* Notifications */,
				9D783233F26408F113C09F0D /* Persistence */,
				61833BF41F7691F902DB1660 /* Reporting */,
				F5384F8775AB3589A3F098E2 /* Repositories */,
				1E70717A45595707D241BDD2 /* Sync */,
				F14CD873EDD0421C01268596 /* Utils */,
			);
			path = Core;
			sourceTree = "<group>";
		};
		60F2F16BD228822612613A2A /* Banks */ = {
			isa = PBXGroup;
			children = (
				73C662A5DF16AA22E65C1C01 /* BankManagementView.swift */,
			);
			path = Banks;
			sourceTree = "<group>";
		};
		61833BF41F7691F902DB1660 /* Reporting */ = {
			isa = PBXGroup;
			children = (
				5699376F2E47440855D73351 /* ReportBuilder.swift */,
				7357B3A4FBFA9CCAB6D9BA77 /* ReportModels.swift */,
			);
			path = Reporting;
			sourceTree = "<group>";
		};
		6F7199ED7B63CDA338A0FB82 /* Products */ = {
			isa = PBXGroup;
			children = (
				A8792157CB4F27FB949C035F /* KasaPlus.app */,
			);
			name = Products;
			sourceTree = "<group>";
		};
		708B2CBDC960F57256170F6F /* Notifications */ = {
			isa = PBXGroup;
			children = (
				39B123B3427F63C3CAF1423A /* NotificationRouter.swift */,
				2765E27A30F6F30014A9E3EB /* NotificationService.swift */,
				EEB39E454D7B970E032BF2C1 /* PlannedPaymentNotifications.swift */,
			);
			path = Notifications;
			sourceTree = "<group>";
		};
		9D783233F26408F113C09F0D /* Persistence */ = {
			isa = PBXGroup;
			children = (
				9CCED27406ABA1496C5D072D /* DefaultBanks.swift */,
				03B9CFED774B7B292A63B136 /* DefaultCategories.swift */,
				76113A26CABE3AF079675FDB /* OwnershipMigrator.swift */,
				DF9145A05186BBCD556D3C89 /* PersistenceController.swift */,
			);
			path = Persistence;
			sourceTree = "<group>";
		};
		A2C9FACA462D0109DEBA650B /* Settings */ = {
			isa = PBXGroup;
			children = (
				000A35C05E6BF30F3AE76948 /* SettingsView.swift */,
			);
			path = Settings;
			sourceTree = "<group>";
		};
		A520A0B571B2D97C38FE7043 /* Auth */ = {
			isa = PBXGroup;
			children = (
				D169DCE7D103DE79295A3B9A /* LockedView.swift */,
				F5E57633ACB21D98E5CDDB96 /* SignInView.swift */,
			);
			path = Auth;
			sourceTree = "<group>";
		};
		AA0596BBDB4DCC95D5D4F10C = {
			isa = PBXGroup;
			children = (
				E0B86AAE076FAD165DECF890 /* KasaPlus */,
				C05EB66B0F857F8B83D63FA8 /* Info.plist */,
				546BF03604041FA073531103 /* KasaPlus.entitlements */,
				A253D584951773A716DD7614 /* README.md */,
				570E293CEE74A071FA098C75 /* firestore.rules */,
				F3CD612840F49689208D8F70 /* .gitignore */,
				6F7199ED7B63CDA338A0FB82 /* Products */,
			);
			sourceTree = "<group>";
		};
		C953CDAFBA7BEDAB80D3C2A0 /* PlannedPayments */ = {
			isa = PBXGroup;
			children = (
				6910E6FDBF75AF68A8513F1D /* PlannedPaymentEditorView.swift */,
				F8E04DAB6590B1BBD6101141 /* PlannedPaymentListView.swift */,
				310287BBEE7F7367BE330BA5 /* PlannedPaymentListViewModel.swift */,
				60B444925E5A42FD72142123 /* PlannedPaymentRowView.swift */,
				647E27F0276F89B4BAC40FC7 /* PostponeSheet.swift */,
			);
			path = PlannedPayments;
			sourceTree = "<group>";
		};
		CC43C62A4CE359B46803E0D0 /* App */ = {
			isa = PBXGroup;
			children = (
				C2508CD8BD89C830FAE75DC8 /* AppDelegate.swift */,
				3AA5CC8CAA1D6E907DD02836 /* AppSession.swift */,
				C5C4DB03E48C641FEE0C23D2 /* KasaPlusApp.swift */,
				C8916CEE2116E019EE22AC9C /* MainTabView.swift */,
				BB45A3D8B8C9569E080FF970 /* RootView.swift */,
			);
			path = App;
			sourceTree = "<group>";
		};
		DD126A619C4EEDC8481E9324 /* Transactions */ = {
			isa = PBXGroup;
			children = (
				BF367988159D82E7B565B04C /* TransactionEditorView.swift */,
				F34BE392766EFE96D9509DEF /* TransactionEditorViewModel.swift */,
				82F18D96FFA7DCBA0B922355 /* TransactionFilterView.swift */,
				F95A48C79086ACE11A1BECB9 /* TransactionListView.swift */,
				1E8E284CA397F52509136038 /* TransactionListViewModel.swift */,
				45C58C2947FFDCA190004C9E /* TransactionRowView.swift */,
			);
			path = Transactions;
			sourceTree = "<group>";
		};
		E0B86AAE076FAD165DECF890 /* KasaPlus */ = {
			isa = PBXGroup;
			children = (
				CC43C62A4CE359B46803E0D0 /* App */,
				5A8B8469BB534082855EFA99 /* Core */,
				2FE89AEEDD2751F1664393B0 /* Features */,
				109A0CACE2E59E422A5DC33B /* Resources */,
			);
			path = KasaPlus;
			sourceTree = "<group>";
		};
		EDC509FC7CA18BF708EA907C /* Components */ = {
			isa = PBXGroup;
			children = (
				B1A0C0DE0000000000000A07 /* AmountField.swift */,
				8EDDE8D47CF1B8DFFBA28E33 /* SharedComponents.swift */,
			);
			path = Components;
			sourceTree = "<group>";
		};
		F14CD873EDD0421C01268596 /* Utils */ = {
			isa = PBXGroup;
			children = (
				F8C3848467CC4CAE98881CC6 /* AppSettings.swift */,
				45C81B76E67CB38CA2D5ED3B /* AppTheme.swift */,
				6DAB4B76F616C9B46D023206 /* DateHelpers.swift */,
				465994AA270A28C15FD1A2C4 /* Formatters.swift */,
			);
			path = Utils;
			sourceTree = "<group>";
		};
		F5384F8775AB3589A3F098E2 /* Repositories */ = {
			isa = PBXGroup;
			children = (
				5D5C1AA26DD5F5F2D0CB0F79 /* BankRepository.swift */,
				749FD69BBCD5F5C1D6FF6C51 /* CategoryRepository.swift */,
				83A8E24D14DAAB80BC64F5ED /* PlannedPaymentRepository.swift */,
				94C15BE5070C5F7EFB573FBD /* TransactionRepository.swift */,
			);
			path = Repositories;
			sourceTree = "<group>";
		};
/* End PBXGroup section */

/* Begin PBXVariantGroup section */
		B1A0C0DE0000000000000A02 /* InfoPlist.strings */ = {
			isa = PBXVariantGroup;
			children = (
				B1A0C0DE0000000000000A06 /* tr */,
				B1A0C0DE0000000000000A03 /* en */,
			);
			name = InfoPlist.strings;
			sourceTree = "<group>";
		};
		A42BC13A0E6E75213BBCB21B /* Localizable.strings */ = {
			isa = PBXVariantGroup;
			children = (
				B1A0C0DE0000000000000A05 /* tr */,
				B1A0C0DE0000000000000A01 /* en */,
			);
			name = Localizable.strings;
			sourceTree = "<group>";
		};
/* End PBXVariantGroup section */

/* Begin PBXNativeTarget section */
		34A04005BCAF206EEC990BD9 /* KasaPlus */ = {
			isa = PBXNativeTarget;
			buildConfigurationList = 31107D0D11ECF16E15FA6E65 /* Build configuration list for PBXNativeTarget "KasaPlus" */;
			buildPhases = (
				9261F04E014268C1FB6C1C5E /* Sources */,
				0B0EAC1C67A2F2EB9E6EB6F7 /* Frameworks */,
				B04831CC372489EBF0287850 /* Resources */,
			);
			buildRules = (
			);
			dependencies = (
			);
			name = KasaPlus;
			productName = KasaPlus;
			productReference = A8792157CB4F27FB949C035F /* KasaPlus.app */;
			productType = "com.apple.product-type.application";
		};
/* End PBXNativeTarget section */

/* Begin PBXProject section */
		244210E48437B6556980A702 /* Project object */ = {
			isa = PBXProject;
			attributes = {
				BuildIndependentTargetsInParallel = 1;
				LastSwiftUpdateCheck = 1600;
				LastUpgradeCheck = 2660;
				TargetAttributes = {
					34A04005BCAF206EEC990BD9 = {
						CreatedOnToolsVersion = 16.0;
					};
				};
			};
			buildConfigurationList = 9F6B1A7BCFF26D263B843F95 /* Build configuration list for PBXProject "KasaPlus" */;
			compatibilityVersion = "Xcode 14.0";
			developmentRegion = tr;
			hasScannedForEncodings = 0;
			knownRegions = (
				tr,
				en,
				Base,
			);
			mainGroup = AA0596BBDB4DCC95D5D4F10C;
			productRefGroup = 6F7199ED7B63CDA338A0FB82 /* Products */;
			projectDirPath = "";
			projectRoot = "";
			targets = (
				34A04005BCAF206EEC990BD9 /* KasaPlus */,
			);
		};
/* End PBXProject section */

/* Begin PBXResourcesBuildPhase section */
		B04831CC372489EBF0287850 /* Resources */ = {
			isa = PBXResourcesBuildPhase;
			buildActionMask = 2147483647;
			files = (
				2D2AEAD94D6C431F728EB1E1 /* Assets.xcassets in Resources */,
				15E00F2897B953F3F2477136 /* Localizable.strings in Resources */,
				B1A0C0DE0000000000000A04 /* InfoPlist.strings in Resources */,
			);
			runOnlyForDeploymentPostprocessing = 0;
		};
/* End PBXResourcesBuildPhase section */

/* Begin PBXSourcesBuildPhase section */
		9261F04E014268C1FB6C1C5E /* Sources */ = {
			isa = PBXSourcesBuildPhase;
			buildActionMask = 2147483647;
			files = (
				6E469D0BCBA92EF49D70B4A0 /* AppDelegate.swift in Sources */,
				A56132CE92E847E3A8429BEA /* AppSession.swift in Sources */,
				A9BDA5D3BCBDD00B030EE82C /* KasaPlusApp.swift in Sources */,
				51A4564AD2ECC76742DFA0B7 /* MainTabView.swift in Sources */,
				7D656D1EE7F292AC6C3F4FCD /* RootView.swift in Sources */,
				F48F8180D857E6A928714E79 /* AuthService.swift in Sources */,
				1A31A15A014E93248578EEEF /* BiometricLockService.swift in Sources */,
				084EC69EBCBBBA161F1BCFE3 /* KeychainStore.swift in Sources */,
				6428F252CE4CA5DEA43F766C /* CurrencyConverter.swift in Sources */,
				17CEBD84AE13CB07729A44FB /* ExchangeRateService.swift in Sources */,
				7FF1D59D51D25D52B5CEEFE9 /* Bank.swift in Sources */,
				025A4EBB30F6DB0A395A59AB /* Category.swift in Sources */,
				236302CEEE383A4E59E39370 /* Currency.swift in Sources */,
				E8F15B4A419703C7FA3A199B /* FinanceTransaction.swift in Sources */,
				281F736F7026931C8EE1742D /* PaymentMethod.swift in Sources */,
				F2D67396AA977FF046427395 /* PlannedPayment.swift in Sources */,
				688A0483E0CA1A6D0415382D /* TransactionType.swift in Sources */,
				B3DB6455D16460F58FAB2282 /* NotificationRouter.swift in Sources */,
				8E9D65F4CE30ED91A9534D51 /* NotificationService.swift in Sources */,
				F342125A630302DE150EBCB7 /* PlannedPaymentNotifications.swift in Sources */,
				D23C528048A37396E54F8387 /* DefaultBanks.swift in Sources */,
				408FF7F15EDEB9716C792795 /* DefaultCategories.swift in Sources */,
				1B538A7A3EAFB43C3B3ADA7B /* OwnershipMigrator.swift in Sources */,
				EC7DFF410008EBB43685E546 /* PersistenceController.swift in Sources */,
				486F2F1AC214D37CFBE58720 /* ReportBuilder.swift in Sources */,
				086B661C296CF046412576DE /* ReportModels.swift in Sources */,
				52C45D0F27DDDC1687E3E2A4 /* BankRepository.swift in Sources */,
				C7D50CD3C189EBF23741EBAA /* CategoryRepository.swift in Sources */,
				08A431C1EB2BD7F55EDBB71C /* PlannedPaymentRepository.swift in Sources */,
				E3D39025332C82A0A7DB02B8 /* TransactionRepository.swift in Sources */,
				F8A0260A072F1F63ED3ABF43 /* BackgroundSyncRunner.swift in Sources */,
				1F17D5C95CB3A305C7480C14 /* BackgroundSyncScheduler.swift in Sources */,
				58DB79B43F535A827D0B7014 /* BankAndPlannedPaymentDTOs.swift in Sources */,
				4F0BD409364BA489229C04FD /* RemoteDataSource.swift in Sources */,
				5DEB98F9871D40A40E854E7D /* SyncDTOs.swift in Sources */,
				908C9A9352B8EA0397675725 /* SyncService.swift in Sources */,
				832531114521FB1783E83585 /* AppSettings.swift in Sources */,
				5849916196BFC2D3B6B64F94 /* AppTheme.swift in Sources */,
				495AF141940F2C8175317991 /* DateHelpers.swift in Sources */,
				348BE259E66592B07FF86761 /* Formatters.swift in Sources */,
				DB8F94D70F3C7D24906838FE /* LockedView.swift in Sources */,
				B4B31BF35DE2868C83685006 /* SignInView.swift in Sources */,
				C3AB12BB185A2B8AD877A83F /* BankManagementView.swift in Sources */,
				99FDA613246A8A2DC1E066EA /* CategoryEditorView.swift in Sources */,
				06030838A857C9BD9C7311A8 /* CategoryManagementView.swift in Sources */,
				B1A0C0DE0000000000000A0A /* CategoryShortcuts.swift in Sources */,
				B1A0C0DE0000000000000A08 /* AmountField.swift in Sources */,
				1BF99FA5EC12384DE2C4E8DE /* SharedComponents.swift in Sources */,
				CC20FD0BFCDE9D4D17DBB2A4 /* DashboardView.swift in Sources */,
				6A1CF90D001E6ACF24E03F4E /* DashboardViewModel.swift in Sources */,
				9CECBD38DF1AC8778676BBB2 /* PlannedPaymentEditorView.swift in Sources */,
				0FF4150003B37036CE638614 /* PlannedPaymentListView.swift in Sources */,
				D3EE946EC5C145723C6ED81D /* PlannedPaymentListViewModel.swift in Sources */,
				9D40AB899A15BE62653921AF /* PlannedPaymentRowView.swift in Sources */,
				F3F06D0695A52D123D59A1B1 /* PostponeSheet.swift in Sources */,
				41644DB345AA21E29F5265EE /* ReportsView.swift in Sources */,
				37CE644483193E0A24B9254E /* ReportsViewModel.swift in Sources */,
				2901980140ECC723BF2400E7 /* SettingsView.swift in Sources */,
				350D94FA4976B0A68B345D8F /* TransactionEditorView.swift in Sources */,
				605360407528E01B51A6A145 /* TransactionEditorViewModel.swift in Sources */,
				F377ED6A107B3FEA07737759 /* TransactionFilterView.swift in Sources */,
				501A8C24A8C9053A4B078E34 /* TransactionListView.swift in Sources */,
				542EBE8D9185D06D8B3661AF /* TransactionListViewModel.swift in Sources */,
				F75C5727878BC6A61E0FB7CD /* TransactionRowView.swift in Sources */,
			);
			runOnlyForDeploymentPostprocessing = 0;
		};
/* End PBXSourcesBuildPhase section */

/* Begin XCBuildConfiguration section */
		50254531CF3328ED67BC154F /* Release */ = {
			isa = XCBuildConfiguration;
			buildSettings = {
				ALWAYS_SEARCH_USER_PATHS = NO;
				ASSETCATALOG_COMPILER_GENERATE_SWIFT_ASSET_SYMBOL_EXTENSIONS = YES;
				CLANG_ANALYZER_LOCALIZABILITY_NONLOCALIZED = YES;
				CLANG_ANALYZER_NONNULL = YES;
				CLANG_ANALYZER_NUMBER_OBJECT_CONVERSION = YES_AGGRESSIVE;
				CLANG_ENABLE_MODULES = YES;
				CLANG_ENABLE_OBJC_ARC = YES;
				CLANG_WARN_BLOCK_CAPTURE_AUTORELEASING = YES;
				CLANG_WARN_BOOL_CONVERSION = YES;
				CLANG_WARN_COMMA = YES;
				CLANG_WARN_CONSTANT_CONVERSION = YES;
				CLANG_WARN_DEPRECATED_OBJC_IMPLEMENTATIONS = YES;
				CLANG_WARN_DIRECT_OBJC_ISA_USAGE = YES_ERROR;
				CLANG_WARN_DOCUMENTATION_COMMENTS = YES;
				CLANG_WARN_EMPTY_BODY = YES;
				CLANG_WARN_ENUM_CONVERSION = YES;
				CLANG_WARN_INFINITE_RECURSION = YES;
				CLANG_WARN_INT_CONVERSION = YES;
				CLANG_WARN_NON_LITERAL_NULL_CONVERSION = YES;
				CLANG_WARN_OBJC_IMPLICIT_RETAIN_SELF = YES;
				CLANG_WARN_OBJC_LITERAL_CONVERSION = YES;
				CLANG_WARN_OBJC_ROOT_CLASS = YES_ERROR;
				CLANG_WARN_QUOTED_INCLUDE_IN_FRAMEWORK_HEADER = YES;
				CLANG_WARN_RANGE_LOOP_ANALYSIS = YES;
				CLANG_WARN_STRICT_PROTOTYPES = YES;
				CLANG_WARN_SUSPICIOUS_MOVE = YES;
				CLANG_WARN_UNREACHABLE_CODE = YES;
				CLANG_WARN__DUPLICATE_METHOD_MATCH = YES;
				COPY_PHASE_STRIP = NO;
				DEBUG_INFORMATION_FORMAT = "dwarf-with-dsym";
				DEVELOPMENT_TEAM = XZW53JT86B;
				ENABLE_NS_ASSERTIONS = NO;
				ENABLE_STRICT_OBJC_MSGSEND = YES;
				ENABLE_USER_SCRIPT_SANDBOXING = YES;
				GCC_C_LANGUAGE_STANDARD = gnu17;
				GCC_NO_COMMON_BLOCKS = YES;
				GCC_WARN_64_TO_32_BIT_CONVERSION = YES;
				GCC_WARN_ABOUT_RETURN_TYPE = YES_ERROR;
				GCC_WARN_UNDECLARED_SELECTOR = YES;
				GCC_WARN_UNINITIALIZED_AUTOS = YES_AGGRESSIVE;
				GCC_WARN_UNUSED_FUNCTION = YES;
				GCC_WARN_UNUSED_VARIABLE = YES;
				IPHONEOS_DEPLOYMENT_TARGET = "";
				LOCALIZATION_PREFERS_STRING_CATALOGS = YES;
				MTL_ENABLE_DEBUG_INFO = NO;
				MTL_FAST_MATH = YES;
				SDKROOT = iphoneos;
				STRING_CATALOG_GENERATE_SYMBOLS = YES;
				SWIFT_COMPILATION_MODE = wholemodule;
				SWIFT_EMIT_LOC_STRINGS = YES;
				VALIDATE_PRODUCT = YES;
			};
			name = Release;
		};
		881074604D78585420287CAE /* Debug */ = {
			isa = XCBuildConfiguration;
			buildSettings = {
				ASSETCATALOG_COMPILER_APPICON_NAME = AppIcon;
				ASSETCATALOG_COMPILER_GLOBAL_ACCENT_COLOR_NAME = AccentColor;
				CODE_SIGN_STYLE = Automatic;
				CURRENT_PROJECT_VERSION = 1;
				DEVELOPMENT_ASSET_PATHS = "";
				ENABLE_PREVIEWS = YES;
				GENERATE_INFOPLIST_FILE = NO;
				INFOPLIST_FILE = Info.plist;
				LD_RUNPATH_SEARCH_PATHS = (
					"$(inherited)",
					"@executable_path/Frameworks",
				);
				MARKETING_VERSION = 1.0;
				PRODUCT_BUNDLE_IDENTIFIER = com.kasaplus.app;
				PRODUCT_NAME = "$(TARGET_NAME)";
				SWIFT_VERSION = 5.0;
				TARGETED_DEVICE_FAMILY = 1;
			};
			name = Debug;
		};
		DF63494407538A60CE4B0AAE /* Release */ = {
			isa = XCBuildConfiguration;
			buildSettings = {
				ASSETCATALOG_COMPILER_APPICON_NAME = AppIcon;
				ASSETCATALOG_COMPILER_GLOBAL_ACCENT_COLOR_NAME = AccentColor;
				CODE_SIGN_STYLE = Automatic;
				CURRENT_PROJECT_VERSION = 1;
				DEVELOPMENT_ASSET_PATHS = "";
				ENABLE_PREVIEWS = YES;
				GENERATE_INFOPLIST_FILE = NO;
				INFOPLIST_FILE = Info.plist;
				LD_RUNPATH_SEARCH_PATHS = (
					"$(inherited)",
					"@executable_path/Frameworks",
				);
				MARKETING_VERSION = 1.0;
				PRODUCT_BUNDLE_IDENTIFIER = com.kasaplus.app;
				PRODUCT_NAME = "$(TARGET_NAME)";
				SWIFT_VERSION = 5.0;
				TARGETED_DEVICE_FAMILY = 1;
			};
			name = Release;
		};
		E87470A35532DF137FCC84E4 /* Debug */ = {
			isa = XCBuildConfiguration;
			buildSettings = {
				ALWAYS_SEARCH_USER_PATHS = NO;
				ASSETCATALOG_COMPILER_GENERATE_SWIFT_ASSET_SYMBOL_EXTENSIONS = YES;
				CLANG_ANALYZER_LOCALIZABILITY_NONLOCALIZED = YES;
				CLANG_ANALYZER_NONNULL = YES;
				CLANG_ANALYZER_NUMBER_OBJECT_CONVERSION = YES_AGGRESSIVE;
				CLANG_ENABLE_MODULES = YES;
				CLANG_ENABLE_OBJC_ARC = YES;
				CLANG_WARN_BLOCK_CAPTURE_AUTORELEASING = YES;
				CLANG_WARN_BOOL_CONVERSION = YES;
				CLANG_WARN_COMMA = YES;
				CLANG_WARN_CONSTANT_CONVERSION = YES;
				CLANG_WARN_DEPRECATED_OBJC_IMPLEMENTATIONS = YES;
				CLANG_WARN_DIRECT_OBJC_ISA_USAGE = YES_ERROR;
				CLANG_WARN_DOCUMENTATION_COMMENTS = YES;
				CLANG_WARN_EMPTY_BODY = YES;
				CLANG_WARN_ENUM_CONVERSION = YES;
				CLANG_WARN_INFINITE_RECURSION = YES;
				CLANG_WARN_INT_CONVERSION = YES;
				CLANG_WARN_NON_LITERAL_NULL_CONVERSION = YES;
				CLANG_WARN_OBJC_IMPLICIT_RETAIN_SELF = YES;
				CLANG_WARN_OBJC_LITERAL_CONVERSION = YES;
				CLANG_WARN_OBJC_ROOT_CLASS = YES_ERROR;
				CLANG_WARN_QUOTED_INCLUDE_IN_FRAMEWORK_HEADER = YES;
				CLANG_WARN_RANGE_LOOP_ANALYSIS = YES;
				CLANG_WARN_STRICT_PROTOTYPES = YES;
				CLANG_WARN_SUSPICIOUS_MOVE = YES;
				CLANG_WARN_UNREACHABLE_CODE = YES;
				CLANG_WARN__DUPLICATE_METHOD_MATCH = YES;
				COPY_PHASE_STRIP = NO;
				DEBUG_INFORMATION_FORMAT = dwarf;
				DEVELOPMENT_TEAM = XZW53JT86B;
				ENABLE_STRICT_OBJC_MSGSEND = YES;
				ENABLE_TESTABILITY = YES;
				ENABLE_USER_SCRIPT_SANDBOXING = YES;
				GCC_C_LANGUAGE_STANDARD = gnu17;
				GCC_DYNAMIC_NO_PIC = NO;
				GCC_NO_COMMON_BLOCKS = YES;
				GCC_OPTIMIZATION_LEVEL = 0;
				GCC_PREPROCESSOR_DEFINITIONS = (
					"DEBUG=1",
					"$(inherited)",
				);
				GCC_WARN_64_TO_32_BIT_CONVERSION = YES;
				GCC_WARN_ABOUT_RETURN_TYPE = YES_ERROR;
				GCC_WARN_UNDECLARED_SELECTOR = YES;
				GCC_WARN_UNINITIALIZED_AUTOS = YES_AGGRESSIVE;
				GCC_WARN_UNUSED_FUNCTION = YES;
				GCC_WARN_UNUSED_VARIABLE = YES;
				IPHONEOS_DEPLOYMENT_TARGET = 17.6;
				LOCALIZATION_PREFERS_STRING_CATALOGS = YES;
				MTL_ENABLE_DEBUG_INFO = INCLUDE_SOURCE;
				MTL_FAST_MATH = YES;
				ONLY_ACTIVE_ARCH = YES;
				SDKROOT = iphoneos;
				STRING_CATALOG_GENERATE_SYMBOLS = YES;
				SWIFT_ACTIVE_COMPILATION_CONDITIONS = "DEBUG $(inherited)";
				SWIFT_EMIT_LOC_STRINGS = YES;
				SWIFT_OPTIMIZATION_LEVEL = "-Onone";
			};
			name = Debug;
		};
/* End XCBuildConfiguration section */

/* Begin XCConfigurationList section */
		31107D0D11ECF16E15FA6E65 /* Build configuration list for PBXNativeTarget "KasaPlus" */ = {
			isa = XCConfigurationList;
			buildConfigurations = (
				881074604D78585420287CAE /* Debug */,
				DF63494407538A60CE4B0AAE /* Release */,
			);
			defaultConfigurationIsVisible = 0;
			defaultConfigurationName = Debug;
		};
		9F6B1A7BCFF26D263B843F95 /* Build configuration list for PBXProject "KasaPlus" */ = {
			isa = XCConfigurationList;
			buildConfigurations = (
				E87470A35532DF137FCC84E4 /* Debug */,
				50254531CF3328ED67BC154F /* Release */,
			);
			defaultConfigurationIsVisible = 0;
			defaultConfigurationName = Debug;
		};
/* End XCConfigurationList section */
	};
	rootObject = 244210E48437B6556980A702 /* Project object */;
}
